{
  "name": "CatalystElements",
  "version": "0.0.1",
  "lockfileVersion": 1,
  "requires": true,
  "dependencies": {
    "catalyst-toggle-button": {
      "version": "git+https://git@gitlab.wgtn.cat-it.co.nz/CatalystElements/catalyst-toggle-button.git#ac146a86d7f2ce7261dba8a5e0d5c7841559b24c"
    }
  }
}
